
Microsoft Visual Studio Solution File, Format Version 12.00
# Visual Studio 2013
VisualStudioVersion = 12.0.21005.1
MinimumVisualStudioVersion = 10.0.40219.1
Project("{FAE04EC0-301F-11D3-BF4B-00C04F79EFBC}") = "Adam", "Adam\Adam.csproj", "{D2D08F61-9258-4449-8104-976ED4C965E7}"
EndProject
Project("{FAE04EC0-301F-11D3-BF4B-00C04F79EFBC}") = "AdamLib", "AdamLib\AdamLib.csproj", "{394DA6B0-CC98-4CF8-AE8F-72B41A2A67F2}"
EndProject
Project("{F2A71F9B-5D33-465A-A702-920D77279786}") = "AdamCore", "AdamCore\AdamCore.fsproj", "{CC6B14E9-BEE6-4A5C-872D-DC29F2FDB6E5}"
EndProject
Project("{F2A71F9B-5D33-465A-A702-920D77279786}") = "ConsoleApplication1", "ConsoleApplication1\ConsoleApplication1.fsproj", "{B50011CF-B1F9-46DE-BB26-EDED4CEFF932}"
EndProject
Project("{F2A71F9B-5D33-465A-A702-920D77279786}") = "ConsoleApplication2", "ConsoleApplication2\ConsoleApplication2.fsproj", "{C1EEB9A5-84E5-4ED0-9227-E0904F1AE0F7}"
EndProject
Project("{F2A71F9B-5D33-465A-A702-920D77279786}") = "test", "test\test.fsproj", "{03472BE5-A8E8-4909-A4CB-4F639D3F5FBA}"
EndProject
Global
	GlobalSection(SolutionConfigurationPlatforms) = preSolution
		Debug|Any CPU = Debug|Any CPU
		Debug|Mixed Platforms = Debug|Mixed Platforms
		Debug|x86 = Debug|x86
		Release|Any CPU = Release|Any CPU
		Release|Mixed Platforms = Release|Mixed Platforms
		Release|x86 = Release|x86
	EndGlobalSection
	GlobalSection(ProjectConfigurationPlatforms) = postSolution
		{D2D08F61-9258-4449-8104-976ED4C965E7}.Debug|Any CPU.ActiveCfg = Debug|x86
		{D2D08F61-9258-4449-8104-976ED4C965E7}.Debug|Mixed Platforms.ActiveCfg = Debug|x86
		{D2D08F61-9258-4449-8104-976ED4C965E7}.Debug|Mixed Platforms.Build.0 = Debug|x86
		{D2D08F61-9258-4449-8104-976ED4C965E7}.Debug|x86.ActiveCfg = Debug|x86
		{D2D08F61-9258-4449-8104-976ED4C965E7}.Debug|x86.Build.0 = Debug|x86
		{D2D08F61-9258-4449-8104-976ED4C965E7}.Release|Any CPU.ActiveCfg = Release|x86
		{D2D08F61-9258-4449-8104-976ED4C965E7}.Release|Mixed Platforms.ActiveCfg = Release|x86
		{D2D08F61-9258-4449-8104-976ED4C965E7}.Release|Mixed Platforms.Build.0 = Release|x86
		{D2D08F61-9258-4449-8104-976ED4C965E7}.Release|x86.ActiveCfg = Release|x86
		{D2D08F61-9258-4449-8104-976ED4C965E7}.Release|x86.Build.0 = Release|x86
		{394DA6B0-CC98-4CF8-AE8F-72B41A2A67F2}.Debug|Any CPU.ActiveCfg = Debug|Any CPU
		{394DA6B0-CC98-4CF8-AE8F-72B41A2A67F2}.Debug|Any CPU.Build.0 = Debug|Any CPU
		{394DA6B0-CC98-4CF8-AE8F-72B41A2A67F2}.Debug|Mixed Platforms.ActiveCfg = Debug|Any CPU
		{394DA6B0-CC98-4CF8-AE8F-72B41A2A67F2}.Debug|Mixed Platforms.Build.0 = Debug|Any CPU
		{394DA6B0-CC98-4CF8-AE8F-72B41A2A67F2}.Debug|x86.ActiveCfg = Debug|Any CPU
		{394DA6B0-CC98-4CF8-AE8F-72B41A2A67F2}.Release|Any CPU.ActiveCfg = Release|Any CPU
		{394DA6B0-CC98-4CF8-AE8F-72B41A2A67F2}.Release|Any CPU.Build.0 = Release|Any CPU
		{394DA6B0-CC98-4CF8-AE8F-72B41A2A67F2}.Release|Mixed Platforms.ActiveCfg = Release|Any CPU
		{394DA6B0-CC98-4CF8-AE8F-72B41A2A67F2}.Release|Mixed Platforms.Build.0 = Release|Any CPU
		{394DA6B0-CC98-4CF8-AE8F-72B41A2A67F2}.Release|x86.ActiveCfg = Release|Any CPU
		{CC6B14E9-BEE6-4A5C-872D-DC29F2FDB6E5}.Debug|Any CPU.ActiveCfg = Debug|Any CPU
		{CC6B14E9-BEE6-4A5C-872D-DC29F2FDB6E5}.Debug|Any CPU.Build.0 = Debug|Any CPU
		{CC6B14E9-BEE6-4A5C-872D-DC29F2FDB6E5}.Debug|Mixed Platforms.ActiveCfg = Debug|Any CPU
		{CC6B14E9-BEE6-4A5C-872D-DC29F2FDB6E5}.Debug|Mixed Platforms.Build.0 = Debug|Any CPU
		{CC6B14E9-BEE6-4A5C-872D-DC29F2FDB6E5}.Debug|x86.ActiveCfg = Debug|Any CPU
		{CC6B14E9-BEE6-4A5C-872D-DC29F2FDB6E5}.Release|Any CPU.ActiveCfg = Release|Any CPU
		{CC6B14E9-BEE6-4A5C-872D-DC29F2FDB6E5}.Release|Any CPU.Build.0 = Release|Any CPU
		{CC6B14E9-BEE6-4A5C-872D-DC29F2FDB6E5}.Release|Mixed Platforms.ActiveCfg = Release|Any CPU
		{CC6B14E9-BEE6-4A5C-872D-DC29F2FDB6E5}.Release|Mixed Platforms.Build.0 = Release|Any CPU
		{CC6B14E9-BEE6-4A5C-872D-DC29F2FDB6E5}.Release|x86.ActiveCfg = Release|Any CPU
		{B50011CF-B1F9-46DE-BB26-EDED4CEFF932}.Debug|Any CPU.ActiveCfg = Debug|Any CPU
		{B50011CF-B1F9-46DE-BB26-EDED4CEFF932}.Debug|Any CPU.Build.0 = Debug|Any CPU
		{B50011CF-B1F9-46DE-BB26-EDED4CEFF932}.Debug|Mixed Platforms.ActiveCfg = Debug|Any CPU
		{B50011CF-B1F9-46DE-BB26-EDED4CEFF932}.Debug|Mixed Platforms.Build.0 = Debug|Any CPU
		{B50011CF-B1F9-46DE-BB26-EDED4CEFF932}.Debug|x86.ActiveCfg = Debug|Any CPU
		{B50011CF-B1F9-46DE-BB26-EDED4CEFF932}.Release|Any CPU.ActiveCfg = Release|Any CPU
		{B50011CF-B1F9-46DE-BB26-EDED4CEFF932}.Release|Any CPU.Build.0 = Release|Any CPU
		{B50011CF-B1F9-46DE-BB26-EDED4CEFF932}.Release|Mixed Platforms.ActiveCfg = Release|Any CPU
		{B50011CF-B1F9-46DE-BB26-EDED4CEFF932}.Release|Mixed Platforms.Build.0 = Release|Any CPU
		{B50011CF-B1F9-46DE-BB26-EDED4CEFF932}.Release|x86.ActiveCfg = Release|Any CPU
		{C1EEB9A5-84E5-4ED0-9227-E0904F1AE0F7}.Debug|Any CPU.ActiveCfg = Debug|Any CPU
		{C1EEB9A5-84E5-4ED0-9227-E0904F1AE0F7}.Debug|Any CPU.Build.0 = Debug|Any CPU
		{C1EEB9A5-84E5-4ED0-9227-E0904F1AE0F7}.Debug|Mixed Platforms.ActiveCfg = Debug|Any CPU
		{C1EEB9A5-84E5-4ED0-9227-E0904F1AE0F7}.Debug|Mixed Platforms.Build.0 = Debug|Any CPU
		{C1EEB9A5-84E5-4ED0-9227-E0904F1AE0F7}.Debug|x86.ActiveCfg = Debug|Any CPU
		{C1EEB9A5-84E5-4ED0-9227-E0904F1AE0F7}.Release|Any CPU.ActiveCfg = Release|Any CPU
		{C1EEB9A5-84E5-4ED0-9227-E0904F1AE0F7}.Release|Any CPU.Build.0 = Release|Any CPU
		{C1EEB9A5-84E5-4ED0-9227-E0904F1AE0F7}.Release|Mixed Platforms.ActiveCfg = Release|Any CPU
		{C1EEB9A5-84E5-4ED0-9227-E0904F1AE0F7}.Release|Mixed Platforms.Build.0 = Release|Any CPU
		{C1EEB9A5-84E5-4ED0-9227-E0904F1AE0F7}.Release|x86.ActiveCfg = Release|Any CPU
		{03472BE5-A8E8-4909-A4CB-4F639D3F5FBA}.Debug|Any CPU.ActiveCfg = Debug|Any CPU
		{03472BE5-A8E8-4909-A4CB-4F639D3F5FBA}.Debug|Any CPU.Build.0 = Debug|Any CPU
		{03472BE5-A8E8-4909-A4CB-4F639D3F5FBA}.Debug|Mixed Platforms.ActiveCfg = Debug|Any CPU
		{03472BE5-A8E8-4909-A4CB-4F639D3F5FBA}.Debug|Mixed Platforms.Build.0 = Debug|Any CPU
		{03472BE5-A8E8-4909-A4CB-4F639D3F5FBA}.Debug|x86.ActiveCfg = Debug|Any CPU
		{03472BE5-A8E8-4909-A4CB-4F639D3F5FBA}.Release|Any CPU.ActiveCfg = Release|Any CPU
		{03472BE5-A8E8-4909-A4CB-4F639D3F5FBA}.Release|Any CPU.Build.0 = Release|Any CPU
		{03472BE5-A8E8-4909-A4CB-4F639D3F5FBA}.Release|Mixed Platforms.ActiveCfg = Release|Any CPU
		{03472BE5-A8E8-4909-A4CB-4F639D3F5FBA}.Release|Mixed Platforms.Build.0 = Release|Any CPU
		{03472BE5-A8E8-4909-A4CB-4F639D3F5FBA}.Release|x86.ActiveCfg = Release|Any CPU
	EndGlobalSection
	GlobalSection(SolutionProperties) = preSolution
		HideSolutionNode = FALSE
	EndGlobalSection
EndGlobal
